
Microsoft Visual Studio Solution File, Format Version 12.00
# Visual Studio Version 17
VisualStudioVersion = 17.5.002.0
MinimumVisualStudioVersion = 10.0.40219.1
Project("{9A19103F-16F7-4668-BE54-9A1E7A4F7556}") = "project_login", "project_login.csproj", "{8819C594-5781-44FE-A982-8CAB14B75819}"
EndProject
Global
	GlobalSection(SolutionConfigurationPlatforms) = preSolution
		Debug|Any CPU = Debug|Any CPU
		Release|Any CPU = Release|Any CPU
	EndGlobalSection
	GlobalSection(ProjectConfigurationPlatforms) = postSolution
		{8819C594-5781-44FE-A982-8CAB14B75819}.Debug|Any CPU.ActiveCfg = Debug|Any CPU
		{8819C594-5781-44FE-A982-8CAB14B75819}.Debug|Any CPU.Build.0 = Debug|Any CPU
		{8819C594-5781-44FE-A982-8CAB14B75819}.Release|Any CPU.ActiveCfg = Release|Any CPU
		{8819C594-5781-44FE-A982-8CAB14B75819}.Release|Any CPU.Build.0 = Release|Any CPU
	EndGlobalSection
	GlobalSection(SolutionProperties) = preSolution
		HideSolutionNode = FALSE
	EndGlobalSection
	GlobalSection(ExtensibilityGlobals) = postSolution
		SolutionGuid = {69671429-940F-474C-A21C-36F9FFE9A5B7}
	EndGlobalSection
EndGlobal
